
Microsoft Visual Studio Solution File, Format Version 12.00
# Visual Studio Version 17
VisualStudioVersion = 17.0.31903.59
MinimumVisualStudioVersion = 10.0.40219.1
Project("{2150E333-8FDC-42A3-9474-1A3956D46DE8}") = "src", "src", "{827E0CD3-B72D-47B6-A68D-7590B98EB39B}"
EndProject
Project("{FAE04EC0-301F-11D3-BF4B-00C04F79EFBC}") = "Scanner.Contracts", "src\Scanner.Contracts\Scanner.Contracts.csproj", "{EC07274B-F3D0-49A2-A06C-6195A2533CC2}"
EndProject
Project("{FAE04EC0-301F-11D3-BF4B-00C04F79EFBC}") = "Scanner.Core", "src\Scanner.Core\Scanner.Core.csproj", "{B5FFF0E0-F08D-48A3-A814-BE0212BBEF25}"
EndProject
Project("{FAE04EC0-301F-11D3-BF4B-00C04F79EFBC}") = "Scanner.Desktop", "src\Scanner.Desktop\Scanner.Desktop.csproj", "{766A3D0F-4070-44B5-BEB0-2E08B7DC2DE4}"
EndProject
Project("{FAE04EC0-301F-11D3-BF4B-00C04F79EFBC}") = "Scanner.Server", "src\Scanner.Server\Scanner.Server.csproj", "{10AF9085-C45C-48FD-B8CB-C6F0083FF67A}"
EndProject
Project("{FAE04EC0-301F-11D3-BF4B-00C04F79EFBC}") = "Scanner.TestClient", "src\Scanner.TestClient\Scanner.TestClient.csproj", "{62074169-7C75-481C-A8FF-BC913DD49CF2}"
EndProject
Project("{FAE04EC0-301F-11D3-BF4B-00C04F79EFBC}") = "Scanner.Client", "src\Scanner.Client\Scanner.Client.csproj", "{7821F883-D17C-4B3D-8202-EDDC0C130044}"
EndProject
Project("{FAE04EC0-301F-11D3-BF4B-00C04F79EFBC}") = "Scanner.Launcher", "src\Scanner.Launcher\Scanner.Launcher.csproj", "{57ADBA46-E442-494B-80BF-AF745ECF6584}"
EndProject
Project("{FAE04EC0-301F-11D3-BF4B-00C04F79EFBC}") = "Scanner.Updates", "src\Scanner.Updates\Scanner.Updates.csproj", "{7DE2D522-2E94-4A35-BBA2-32DA37B7DF4C}"
EndProject
Project("{2150E333-8FDC-42A3-9474-1A3956D46DE8}") = "tests", "tests", "{0AB3BF05-4346-4AA6-1389-037BE0695223}"
EndProject
Project("{FAE04EC0-301F-11D3-BF4B-00C04F79EFBC}") = "Scanner.Desktop.Tests", "tests\Scanner.Desktop.Tests\Scanner.Desktop.Tests.csproj", "{2BAEBE0F-817F-4A30-88AD-BE76820CCA0B}"
EndProject
Project("{FAE04EC0-301F-11D3-BF4B-00C04F79EFBC}") = "Scanner.Tests", "tests\Scanner.Tests\Scanner.Tests.csproj", "{26676A4E-7C35-4546-B306-A74D51EAA829}"
EndProject
Global
	GlobalSection(SolutionConfigurationPlatforms) = preSolution
		Debug|Any CPU = Debug|Any CPU
		Debug|x64 = Debug|x64
		Debug|x86 = Debug|x86
		Release|Any CPU = Release|Any CPU
		Release|x64 = Release|x64
		Release|x86 = Release|x86
	EndGlobalSection
	GlobalSection(ProjectConfigurationPlatforms) = postSolution
		{EC07274B-F3D0-49A2-A06C-6195A2533CC2}.Debug|Any CPU.ActiveCfg = Debug|Any CPU
		{EC07274B-F3D0-49A2-A06C-6195A2533CC2}.Debug|Any CPU.Build.0 = Debug|Any CPU
		{EC07274B-F3D0-49A2-A06C-6195A2533CC2}.Debug|x64.ActiveCfg = Debug|Any CPU
		{EC07274B-F3D0-49A2-A06C-6195A2533CC2}.Debug|x64.Build.0 = Debug|Any CPU
		{EC07274B-F3D0-49A2-A06C-6195A2533CC2}.Debug|x86.ActiveCfg = Debug|Any CPU
		{EC07274B-F3D0-49A2-A06C-6195A2533CC2}.Debug|x86.Build.0 = Debug|Any CPU
		{EC07274B-F3D0-49A2-A06C-6195A2533CC2}.Release|Any CPU.ActiveCfg = Release|Any CPU
		{EC07274B-F3D0-49A2-A06C-6195A2533CC2}.Release|Any CPU.Build.0 = Release|Any CPU
		{EC07274B-F3D0-49A2-A06C-6195A2533CC2}.Release|x64.ActiveCfg = Release|Any CPU
		{EC07274B-F3D0-49A2-A06C-6195A2533CC2}.Release|x64.Build.0 = Release|Any CPU
		{EC07274B-F3D0-49A2-A06C-6195A2533CC2}.Release|x86.ActiveCfg = Release|Any CPU
		{EC07274B-F3D0-49A2-A06C-6195A2533CC2}.Release|x86.Build.0 = Release|Any CPU
		{B5FFF0E0-F08D-48A3-A814-BE0212BBEF25}.Debug|Any CPU.ActiveCfg = Debug|Any CPU
		{B5FFF0E0-F08D-48A3-A814-BE0212BBEF25}.Debug|Any CPU.Build.0 = Debug|Any CPU
		{B5FFF0E0-F08D-48A3-A814-BE0212BBEF25}.Debug|x64.ActiveCfg = Debug|Any CPU
		{B5FFF0E0-F08D-48A3-A814-BE0212BBEF25}.Debug|x64.Build.0 = Debug|Any CPU
		{B5FFF0E0-F08D-48A3-A814-BE0212BBEF25}.Debug|x86.ActiveCfg = Debug|Any CPU
		{B5FFF0E0-F08D-48A3-A814-BE0212BBEF25}.Debug|x86.Build.0 = Debug|Any CPU
		{B5FFF0E0-F08D-48A3-A814-BE0212BBEF25}.Release|Any CPU.ActiveCfg = Release|Any CPU
		{B5FFF0E0-F08D-48A3-A814-BE0212BBEF25}.Release|Any CPU.Build.0 = Release|Any CPU
		{B5FFF0E0-F08D-48A3-A814-BE0212BBEF25}.Release|x64.ActiveCfg = Release|Any CPU
		{B5FFF0E0-F08D-48A3-A814-BE0212BBEF25}.Release|x64.Build.0 = Release|Any CPU
		{B5FFF0E0-F08D-48A3-A814-BE0212BBEF25}.Release|x86.ActiveCfg = Release|Any CPU
		{B5FFF0E0-F08D-48A3-A814-BE0212BBEF25}.Release|x86.Build.0 = Release|Any CPU
		{766A3D0F-4070-44B5-BEB0-2E08B7DC2DE4}.Debug|Any CPU.ActiveCfg = Debug|Any CPU
		{766A3D0F-4070-44B5-BEB0-2E08B7DC2DE4}.Debug|Any CPU.Build.0 = Debug|Any CPU
		{766A3D0F-4070-44B5-BEB0-2E08B7DC2DE4}.Debug|x64.ActiveCfg = Debug|Any CPU
		{766A3D0F-4070-44B5-BEB0-2E08B7DC2DE4}.Debug|x64.Build.0 = Debug|Any CPU
		{766A3D0F-4070-44B5-BEB0-2E08B7DC2DE4}.Debug|x86.ActiveCfg = Debug|Any CPU
		{766A3D0F-4070-44B5-BEB0-2E08B7DC2DE4}.Debug|x86.Build.0 = Debug|Any CPU
		{766A3D0F-4070-44B5-BEB0-2E08B7DC2DE4}.Release|Any CPU.ActiveCfg = Release|Any CPU
		{766A3D0F-4070-44B5-BEB0-2E08B7DC2DE4}.Release|Any CPU.Build.0 = Release|Any CPU
		{766A3D0F-4070-44B5-BEB0-2E08B7DC2DE4}.Release|x64.ActiveCfg = Release|Any CPU
		{766A3D0F-4070-44B5-BEB0-2E08B7DC2DE4}.Release|x64.Build.0 = Release|Any CPU
		{766A3D0F-4070-44B5-BEB0-2E08B7DC2DE4}.Release|x86.ActiveCfg = Release|Any CPU
		{766A3D0F-4070-44B5-BEB0-2E08B7DC2DE4}.Release|x86.Build.0 = Release|Any CPU
		{10AF9085-C45C-48FD-B8CB-C6F0083FF67A}.Debug|Any CPU.ActiveCfg = Debug|Any CPU
		{10AF9085-C45C-48FD-B8CB-C6F0083FF67A}.Debug|Any CPU.Build.0 = Debug|Any CPU
		{10AF9085-C45C-48FD-B8CB-C6F0083FF67A}.Debug|x64.ActiveCfg = Debug|Any CPU
		{10AF9085-C45C-48FD-B8CB-C6F0083FF67A}.Debug|x64.Build.0 = Debug|Any CPU
		{10AF9085-C45C-48FD-B8CB-C6F0083FF67A}.Debug|x86.ActiveCfg = Debug|Any CPU
		{10AF9085-C45C-48FD-B8CB-C6F0083FF67A}.Debug|x86.Build.0 = Debug|Any CPU
		{10AF9085-C45C-48FD-B8CB-C6F0083FF67A}.Release|Any CPU.ActiveCfg = Release|Any CPU
		{10AF9085-C45C-48FD-B8CB-C6F0083FF67A}.Release|Any CPU.Build.0 = Release|Any CPU
		{10AF9085-C45C-48FD-B8CB-C6F0083FF67A}.Release|x64.ActiveCfg = Release|Any CPU
		{10AF9085-C45C-48FD-B8CB-C6F0083FF67A}.Release|x64.Build.0 = Release|Any CPU
		{10AF9085-C45C-48FD-B8CB-C6F0083FF67A}.Release|x86.ActiveCfg = Release|Any CPU
		{10AF9085-C45C-48FD-B8CB-C6F0083FF67A}.Release|x86.Build.0 = Release|Any CPU
		{62074169-7C75-481C-A8FF-BC913DD49CF2}.Debug|Any CPU.ActiveCfg = Debug|Any CPU
		{62074169-7C75-481C-A8FF-BC913DD49CF2}.Debug|Any CPU.Build.0 = Debug|Any CPU
		{62074169-7C75-481C-A8FF-BC913DD49CF2}.Debug|x64.ActiveCfg = Debug|Any CPU
		{62074169-7C75-481C-A8FF-BC913DD49CF2}.Debug|x64.Build.0 = Debug|Any CPU
		{62074169-7C75-481C-A8FF-BC913DD49CF2}.Debug|x86.ActiveCfg = Debug|Any CPU
		{62074169-7C75-481C-A8FF-BC913DD49CF2}.Debug|x86.Build.0 = Debug|Any CPU
		{62074169-7C75-481C-A8FF-BC913DD49CF2}.Release|Any CPU.ActiveCfg = Release|Any CPU
		{62074169-7C75-481C-A8FF-BC913DD49CF2}.Release|Any CPU.Build.0 = Release|Any CPU
		{62074169-7C75-481C-A8FF-BC913DD49CF2}.Release|x64.ActiveCfg = Release|Any CPU
		{62074169-7C75-481C-A8FF-BC913DD49CF2}.Release|x64.Build.0 = Release|Any CPU
		{62074169-7C75-481C-A8FF-BC913DD49CF2}.Release|x86.ActiveCfg = Release|Any CPU
		{62074169-7C75-481C-A8FF-BC913DD49CF2}.Release|x86.Build.0 = Release|Any CPU
		{7821F883-D17C-4B3D-8202-EDDC0C130044}.Debug|Any CPU.ActiveCfg = Debug|Any CPU
		{7821F883-D17C-4B3D-8202-EDDC0C130044}.Debug|Any CPU.Build.0 = Debug|Any CPU
		{7821F883-D17C-4B3D-8202-EDDC0C130044}.Debug|x64.ActiveCfg = Debug|Any CPU
		{7821F883-D17C-4B3D-8202-EDDC0C130044}.Debug|x64.Build.0 = Debug|Any CPU
		{7821F883-D17C-4B3D-8202-EDDC0C130044}.Debug|x86.ActiveCfg = Debug|Any CPU
		{7821F883-D17C-4B3D-8202-EDDC0C130044}.Debug|x86.Build.0 = Debug|Any CPU
		{7821F883-D17C-4B3D-8202-EDDC0C130044}.Release|Any CPU.ActiveCfg = Release|Any CPU
		{7821F883-D17C-4B3D-8202-EDDC0C130044}.Release|Any CPU.Build.0 = Release|Any CPU
		{7821F883-D17C-4B3D-8202-EDDC0C130044}.Release|x64.ActiveCfg = Release|Any CPU
		{7821F883-D17C-4B3D-8202-EDDC0C130044}.Release|x64.Build.0 = Release|Any CPU
		{7821F883-D17C-4B3D-8202-EDDC0C130044}.Release|x86.ActiveCfg = Release|Any CPU
		{7821F883-D17C-4B3D-8202-EDDC0C130044}.Release|x86.Build.0 = Release|Any CPU
		{57ADBA46-E442-494B-80BF-AF745ECF6584}.Debug|Any CPU.ActiveCfg = Debug|Any CPU
		{57ADBA46-E442-494B-80BF-AF745ECF6584}.Debug|Any CPU.Build.0 = Debug|Any CPU
		{57ADBA46-E442-494B-80BF-AF745ECF6584}.Debug|x64.ActiveCfg = Debug|Any CPU
		{57ADBA46-E442-494B-80BF-AF745ECF6584}.Debug|x64.Build.0 = Debug|Any CPU
		{57ADBA46-E442-494B-80BF-AF745ECF6584}.Debug|x86.ActiveCfg = Debug|Any CPU
		{57ADBA46-E442-494B-80BF-AF745ECF6584}.Debug|x86.Build.0 = Debug|Any CPU
		{57ADBA46-E442-494B-80BF-AF745ECF6584}.Release|Any CPU.ActiveCfg = Release|Any CPU
		{57ADBA46-E442-494B-80BF-AF745ECF6584}.Release|Any CPU.Build.0 = Release|Any CPU
		{57ADBA46-E442-494B-80BF-AF745ECF6584}.Release|x64.ActiveCfg = Release|Any CPU
		{57ADBA46-E442-494B-80BF-AF745ECF6584}.Release|x64.Build.0 = Release|Any CPU
		{57ADBA46-E442-494B-80BF-AF745ECF6584}.Release|x86.ActiveCfg = Release|Any CPU
		{57ADBA46-E442-494B-80BF-AF745ECF6584}.Release|x86.Build.0 = Release|Any CPU
		{7DE2D522-2E94-4A35-BBA2-32DA37B7DF4C}.Debug|Any CPU.ActiveCfg = Debug|Any CPU
		{7DE2D522-2E94-4A35-BBA2-32DA37B7DF4C}.Debug|Any CPU.Build.0 = Debug|Any CPU
		{7DE2D522-2E94-4A35-BBA2-32DA37B7DF4C}.Debug|x64.ActiveCfg = Debug|Any CPU
		{7DE2D522-2E94-4A35-BBA2-32DA37B7DF4C}.Debug|x64.Build.0 = Debug|Any CPU
		{7DE2D522-2E94-4A35-BBA2-32DA37B7DF4C}.Debug|x86.ActiveCfg = Debug|Any CPU
		{7DE2D522-2E94-4A35-BBA2-32DA37B7DF4C}.Debug|x86.Build.0 = Debug|Any CPU
		{7DE2D522-2E94-4A35-BBA2-32DA37B7DF4C}.Release|Any CPU.ActiveCfg = Release|Any CPU
		{7DE2D522-2E94-4A35-BBA2-32DA37B7DF4C}.Release|Any CPU.Build.0 = Release|Any CPU
		{7DE2D522-2E94-4A35-BBA2-32DA37B7DF4C}.Release|x64.ActiveCfg = Release|Any CPU
		{7DE2D522-2E94-4A35-BBA2-32DA37B7DF4C}.Release|x64.Build.0 = Release|Any CPU
		{7DE2D522-2E94-4A35-BBA2-32DA37B7DF4C}.Release|x86.ActiveCfg = Release|Any CPU
		{7DE2D522-2E94-4A35-BBA2-32DA37B7DF4C}.Release|x86.Build.0 = Release|Any CPU
		{2BAEBE0F-817F-4A30-88AD-BE76820CCA0B}.Debug|Any CPU.ActiveCfg = Debug|Any CPU
		{2BAEBE0F-817F-4A30-88AD-BE76820CCA0B}.Debug|Any CPU.Build.0 = Debug|Any CPU
		{2BAEBE0F-817F-4A30-88AD-BE76820CCA0B}.Debug|x64.ActiveCfg = Debug|Any CPU
		{2BAEBE0F-817F-4A30-88AD-BE76820CCA0B}.Debug|x64.Build.0 = Debug|Any CPU
		{2BAEBE0F-817F-4A30-88AD-BE76820CCA0B}.Debug|x86.ActiveCfg = Debug|Any CPU
		{2BAEBE0F-817F-4A30-88AD-BE76820CCA0B}.Debug|x86.Build.0 = Debug|Any CPU
		{2BAEBE0F-817F-4A30-88AD-BE76820CCA0B}.Release|Any CPU.ActiveCfg = Release|Any CPU
		{2BAEBE0F-817F-4A30-88AD-BE76820CCA0B}.Release|Any CPU.Build.0 = Release|Any CPU
		{2BAEBE0F-817F-4A30-88AD-BE76820CCA0B}.Release|x64.ActiveCfg = Release|Any CPU
		{2BAEBE0F-817F-4A30-88AD-BE76820CCA0B}.Release|x64.Build.0 = Release|Any CPU
		{2BAEBE0F-817F-4A30-88AD-BE76820CCA0B}.Release|x86.ActiveCfg = Release|Any CPU
		{2BAEBE0F-817F-4A30-88AD-BE76820CCA0B}.Release|x86.Build.0 = Release|Any CPU
		{26676A4E-7C35-4546-B306-A74D51EAA829}.Debug|Any CPU.ActiveCfg = Debug|Any CPU
		{26676A4E-7C35-4546-B306-A74D51EAA829}.Debug|Any CPU.Build.0 = Debug|Any CPU
		{26676A4E-7C35-4546-B306-A74D51EAA829}.Debug|x64.ActiveCfg = Debug|Any CPU
		{26676A4E-7C35-4546-B306-A74D51EAA829}.Debug|x64.Build.0 = Debug|Any CPU
		{26676A4E-7C35-4546-B306-A74D51EAA829}.Debug|x86.ActiveCfg = Debug|Any CPU
		{26676A4E-7C35-4546-B306-A74D51EAA829}.Debug|x86.Build.0 = Debug|Any CPU
		{26676A4E-7C35-4546-B306-A74D51EAA829}.Release|Any CPU.ActiveCfg = Release|Any CPU
		{26676A4E-7C35-4546-B306-A74D51EAA829}.Release|Any CPU.Build.0 = Release|Any CPU
		{26676A4E-7C35-4546-B306-A74D51EAA829}.Release|x64.ActiveCfg = Release|Any CPU
		{26676A4E-7C35-4546-B306-A74D51EAA829}.Release|x64.Build.0 = Release|Any CPU
		{26676A4E-7C35-4546-B306-A74D51EAA829}.Release|x86.ActiveCfg = Release|Any CPU
		{26676A4E-7C35-4546-B306-A74D51EAA829}.Release|x86.Build.0 = Release|Any CPU
	EndGlobalSection
	GlobalSection(SolutionProperties) = preSolution
		HideSolutionNode = FALSE
	EndGlobalSection
	GlobalSection(NestedProjects) = preSolution
		{EC07274B-F3D0-49A2-A06C-6195A2533CC2} = {827E0CD3-B72D-47B6-A68D-7590B98EB39B}
		{B5FFF0E0-F08D-48A3-A814-BE0212BBEF25} = {827E0CD3-B72D-47B6-A68D-7590B98EB39B}
		{766A3D0F-4070-44B5-BEB0-2E08B7DC2DE4} = {827E0CD3-B72D-47B6-A68D-7590B98EB39B}
		{10AF9085-C45C-48FD-B8CB-C6F0083FF67A} = {827E0CD3-B72D-47B6-A68D-7590B98EB39B}
		{62074169-7C75-481C-A8FF-BC913DD49CF2} = {827E0CD3-B72D-47B6-A68D-7590B98EB39B}
		{7821F883-D17C-4B3D-8202-EDDC0C130044} = {827E0CD3-B72D-47B6-A68D-7590B98EB39B}
		{57ADBA46-E442-494B-80BF-AF745ECF6584} = {827E0CD3-B72D-47B6-A68D-7590B98EB39B}
		{7DE2D522-2E94-4A35-BBA2-32DA37B7DF4C} = {827E0CD3-B72D-47B6-A68D-7590B98EB39B}
		{2BAEBE0F-817F-4A30-88AD-BE76820CCA0B} = {0AB3BF05-4346-4AA6-1389-037BE0695223}
		{26676A4E-7C35-4546-B306-A74D51EAA829} = {0AB3BF05-4346-4AA6-1389-037BE0695223}
	EndGlobalSection
EndGlobal
